// !$*UTF8*$!
{
	archiveVersion = 1;
	classes = {
	};
	objectVersion = 46;
	objects = {

/* Begin PBXBuildFile section */
		945DAF4B1CF5D89900A98A67 /* SourceSansPro-Black.ttf in Resources */ = {isa = PBXBuildFile; fileRef = 945DAF3F1CF5D89900A98A67 /* SourceSansPro-Black.ttf */; };
		945DAF4C1CF5D89900A98A67 /* SourceSansPro-BlackItalic.ttf in Resources */ = {isa = PBXBuildFile; fileRef = 945DAF401CF5D89900A98A67 /* SourceSansPro-BlackItalic.ttf */; };
		945DAF4D1CF5D89900A98A67 /* SourceSansPro-Bold.ttf in Resources */ = {isa = PBXBuildFile; fileRef = 945DAF411CF5D89900A98A67 /* SourceSansPro-Bold.ttf */; };
		945DAF4E1CF5D89900A98A67 /* SourceSansPro-BoldItalic.ttf in Resources */ = {isa = PBXBuildFile; fileRef = 945DAF421CF5D89900A98A67 /* SourceSansPro-BoldItalic.ttf */; };
		945DAF4F1CF5D89900A98A67 /* SourceSansPro-ExtraLight.ttf in Resources */ = {isa = PBXBuildFile; fileRef = 945DAF431CF5D89900A98A67 /* SourceSansPro-ExtraLight.ttf */; };
		945DAF501CF5D89900A98A67 /* SourceSansPro-ExtraLightItalic.ttf in Resources */ = {isa = PBXBuildFile; fileRef = 945DAF441CF5D89900A98A67 /* SourceSansPro-ExtraLightItalic.ttf */; };
		945DAF511CF5D89900A98A67 /* SourceSansPro-Italic.ttf in Resources */ = {isa = PBXBuildFile; fileRef = 945DAF451CF5D89900A98A67 /* SourceSansPro-Italic.ttf */; };
		945DAF521CF5D89900A98A67 /* SourceSansPro-Light.ttf in Resources */ = {isa = PBXBuildFile; fileRef = 945DAF461CF5D89900A98A67 /* SourceSansPro-Light.ttf */; };
		945DAF531CF5D89900A98A67 /* SourceSansPro-LightItalic.ttf in Resources */ = {isa = PBXBuildFile; fileRef = 945DAF471CF5D89900A98A67 /* SourceSansPro-LightItalic.ttf */; };
		945DAF541CF5D89900A98A67 /* SourceSansPro-Regular.ttf in Resources */ = {isa = PBXBuildFile; fileRef = 945DAF481CF5D89900A98A67 /* SourceSansPro-Regular.ttf */; };
		945DAF551CF5D89900A98A67 /* SourceSansPro-Semibold.ttf in Resources */ = {isa = PBXBuildFile; fileRef = 945DAF491CF5D89900A98A67 /* SourceSansPro-Semibold.ttf */; };
		945DAF561CF5D89900A98A67 /* SourceSansPro-SemiboldItalic.ttf in Resources */ = {isa = PBXBuildFile; fileRef = 945DAF4A1CF5D89900A98A67 /* SourceSansPro-SemiboldItalic.ttf */; };
		949CB81E1CECECBC004B8FF7 /* AppDelegate.swift in Sources */ = {isa = PBXBuildFile; fileRef = 949CB81D1CECECBC004B8FF7 /* AppDelegate.swift */; };
		949CB8201CECECBC004B8FF7 /* ViewController.swift in Sources */ = {isa = PBXBuildFile; fileRef = 949CB81F1CECECBC004B8FF7 /* ViewController.swift */; };
		949CB8231CECECBC004B8FF7 /* Main.storyboard in Resources */ = {isa = PBXBuildFile; fileRef = 949CB8211CECECBC004B8FF7 /* Main.storyboard */; };
		949CB8251CECECBC004B8FF7 /* Assets.xcassets in Resources */ = {isa = PBXBuildFile; fileRef = 949CB8241CECECBC004B8FF7 /* Assets.xcassets */; };
		949CB8281CECECBC004B8FF7 /* LaunchScreen.storyboard in Resources */ = {isa = PBXBuildFile; fileRef = 949CB8261CECECBC004B8FF7 /* LaunchScreen.storyboard */; };
		94F3E7151CF35CCD0014B2FA /* FadeView.swift in Sources */ = {isa = PBXBuildFile; fileRef = 94F3E7141CF35CCD0014B2FA /* FadeView.swift */; };
		94F3E7171CF4923E0014B2FA /* InfoVC.swift in Sources */ = {isa = PBXBuildFile; fileRef = 94F3E7161CF4923E0014B2FA /* InfoVC.swift */; };
/* End PBXBuildFile section */

/* Begin PBXFileReference section */
		945DAF3F1CF5D89900A98A67 /* SourceSansPro-Black.ttf */ = {isa = PBXFileReference; lastKnownFileType = file; path = "SourceSansPro-Black.ttf"; sourceTree = "<group>"; };
		945DAF401CF5D89900A98A67 /* SourceSansPro-BlackItalic.ttf */ = {isa = PBXFileReference; lastKnownFileType = file; path = "SourceSansPro-BlackItalic.ttf"; sourceTree = "<group>"; };
		945DAF411CF5D89900A98A67 /* SourceSansPro-Bold.ttf */ = {isa = PBXFileReference; lastKnownFileType = file; path = "SourceSansPro-Bold.ttf"; sourceTree = "<group>"; };
		945DAF421CF5D89900A98A67 /* SourceSansPro-BoldItalic.ttf */ = {isa = PBXFileReference; lastKnownFileType = file; path = "SourceSansPro-BoldItalic.ttf"; sourceTree = "<group>"; };
		945DAF431CF5D89900A98A67 /* SourceSansPro-ExtraLight.ttf */ = {isa = PBXFileReference; lastKnownFileType = file; path = "SourceSansPro-ExtraLight.ttf"; sourceTree = "<group>"; };
		945DAF441CF5D89900A98A67 /* SourceSansPro-ExtraLightItalic.ttf */ = {isa = PBXFileReference; lastKnownFileType = file; path = "SourceSansPro-ExtraLightItalic.ttf"; sourceTree = "<group>"; };
		945DAF451CF5D89900A98A67 /* SourceSansPro-Italic.ttf */ = {isa = PBXFileReference; lastKnownFileType = file; path = "SourceSansPro-Italic.ttf"; sourceTree = "<group>"; };
		945DAF461CF5D89900A98A67 /* SourceSansPro-Light.ttf */ = {isa = PBXFileReference; lastKnownFileType = file; path = "SourceSansPro-Light.ttf"; sourceTree = "<group>"; };
		945DAF471CF5D89900A98A67 /* SourceSansPro-LightItalic.ttf */ = {isa = PBXFileReference; lastKnownFileType = file; path = "SourceSansPro-LightItalic.ttf"; sourceTree = "<group>"; };
		945DAF481CF5D89900A98A67 /* SourceSansPro-Regular.ttf */ = {isa = PBXFileReference; lastKnownFileType = file; path = "SourceSansPro-Regular.ttf"; sourceTree = "<group>"; };
		945DAF491CF5D89900A98A67 /* SourceSansPro-Semibold.ttf */ = {isa = PBXFileReference; lastKnownFileType = file; path = "SourceSansPro-Semibold.ttf"; sourceTree = "<group>"; };
		945DAF4A1CF5D89900A98A67 /* SourceSansPro-SemiboldItalic.ttf */ = {isa = PBXFileReference; lastKnownFileType = file; path = "SourceSansPro-SemiboldItalic.ttf"; sourceTree = "<group>"; };
		949CB81A1CECECBC004B8FF7 /* RomNum.app */ = {isa = PBXFileReference; explicitFileType = wrapper.application; includeInIndex = 0; path = RomNum.app; sourceTree = BUILT_PRODUCTS_DIR; };
		949CB81D1CECECBC004B8FF7 /* AppDelegate.swift */ = {isa = PBXFileReference; lastKnownFileType = sourcecode.swift; path = AppDelegate.swift; sourceTree = "<group>"; };
		949CB81F1CECECBC004B8FF7 /* ViewController.swift */ = {isa = PBXFileReference; lastKnownFileType = sourcecode.swift; path = ViewController.swift; sourceTree = "<group>"; };
		949CB8221CECECBC004B8FF7 /* Base */ = {isa = PBXFileReference; lastKnownFileType = file.storyboard; name = Base; path = Base.lproj/Main.storyboard; sourceTree = "<group>"; };
		949CB8241CECECBC004B8FF7 /* Assets.xcassets */ = {isa = PBXFileReference; lastKnownFileType = folder.assetcatalog; path = Assets.xcassets; sourceTree = "<group>"; };
		949CB8271CECECBC004B8FF7 /* Base */ = {isa = PBXFileReference; lastKnownFileType = file.storyboard; name = Base; path = Base.lproj/LaunchScreen.storyboard; sourceTree = "<group>"; };
		949CB8291CECECBC004B8FF7 /* Info.plist */ = {isa = PBXFileReference; lastKnownFileType = text.plist.xml; path = Info.plist; sourceTree = "<group>"; };
		94F3E7141CF35CCD0014B2FA /* FadeView.swift */ = {isa = PBXFileReference; fileEncoding = 4; lastKnownFileType = sourcecode.swift; path = FadeView.swift; sourceTree = "<group>"; };
		94F3E7161CF4923E0014B2FA /* InfoVC.swift */ = {isa = PBXFileReference; fileEncoding = 4; lastKnownFileType = sourcecode.swift; path = InfoVC.swift; sourceTree = "<group>"; };
/* End PBXFileReference section */

/* Begin PBXFrameworksBuildPhase section */
		949CB8171CECECBC004B8FF7 /* Frameworks */ = {
			isa = PBXFrameworksBuildPhase;
			buildActionMask = 2147483647;
			files = (
			);
			runOnlyForDeploymentPostprocessing = 0;
		};
/* End PBXFrameworksBuildPhase section */

/* Begin PBXGroup section */
		945DAF571CF5D89D00A98A67 /* Source Sans */ = {
			isa = PBXGroup;
			children = (
				945DAF3F1CF5D89900A98A67 /* SourceSansPro-Black.ttf */,
				945DAF401CF5D89900A98A67 /* SourceSansPro-BlackItalic.ttf */,
				945DAF411CF5D89900A98A67 /* SourceSansPro-Bold.ttf */,
				945DAF421CF5D89900A98A67 /* SourceSansPro-BoldItalic.ttf */,
				945DAF431CF5D89900A98A67 /* SourceSansPro-ExtraLight.ttf */,
				945DAF441CF5D89900A98A67 /* SourceSansPro-ExtraLightItalic.ttf */,
				945DAF451CF5D89900A98A67 /* SourceSansPro-Italic.ttf */,
				945DAF461CF5D89900A98A67 /* SourceSansPro-Light.ttf */,
				945DAF471CF5D89900A98A67 /* SourceSansPro-LightItalic.ttf */,
				945DAF481CF5D89900A98A67 /* SourceSansPro-Regular.ttf */,
				945DAF491CF5D89900A98A67 /* SourceSansPro-Semibold.ttf */,
				945DAF4A1CF5D89900A98A67 /* SourceSansPro-SemiboldItalic.ttf */,
			);
			name = "Source Sans";
			sourceTree = "<group>";
		};
		949CB8111CECECBC004B8FF7 = {
			isa = PBXGroup;
			children = (
				949CB81C1CECECBC004B8FF7 /* RomNum */,
				949CB81B1CECECBC004B8FF7 /* Products */,
				945DAF571CF5D89D00A98A67 /* Source Sans */,
			);
			sourceTree = "<group>";
		};
		949CB81B1CECECBC004B8FF7 /* Products */ = {
			isa = PBXGroup;
			children = (
				949CB81A1CECECBC004B8FF7 /* RomNum.app */,
			);
			name = Products;
			sourceTree = "<group>";
		};
		949CB81C1CECECBC004B8FF7 /* RomNum */ = {
			isa = PBXGroup;
			children = (
				949CB81D1CECECBC004B8FF7 /* AppDelegate.swift */,
				949CB81F1CECECBC004B8FF7 /* ViewController.swift */,
				94F3E7141CF35CCD0014B2FA /* FadeView.swift */,
				949CB8211CECECBC004B8FF7 /* Main.storyboard */,
				94F3E7161CF4923E0014B2FA /* InfoVC.swift */,
				949CB8241CECECBC004B8FF7 /* Assets.xcassets */,
				949CB8261CECECBC004B8FF7 /* LaunchScreen.storyboard */,
				949CB8291CECECBC004B8FF7 /* Info.plist */,
			);
			path = RomNum;
			sourceTree = "<group>";
		};
/* End PBXGroup section */

/* Begin PBXNativeTarget section */
		949CB8191CECECBC004B8FF7 /* RomNum */ = {
			isa = PBXNativeTarget;
			buildConfigurationList = 949CB82C1CECECBC004B8FF7 /* Build configuration list for PBXNativeTarget "RomNum" */;
			buildPhases = (
				949CB8161CECECBC004B8FF7 /* Sources */,
				949CB8171CECECBC004B8FF7 /* Frameworks */,
				949CB8181CECECBC004B8FF7 /* Resources */,
			);
			buildRules = (
			);
			dependencies = (
			);
			name = RomNum;
			productName = RomNum;
			productReference = 949CB81A1CECECBC004B8FF7 /* RomNum.app */;
			productType = "com.apple.product-type.application";
		};
/* End PBXNativeTarget section */

/* Begin PBXProject section */
		949CB8121CECECBC004B8FF7 /* Project object */ = {
			isa = PBXProject;
			attributes = {
				LastSwiftUpdateCheck = 0730;
				LastUpgradeCheck = 0730;
				ORGANIZATIONNAME = "Nasser Eledroos";
				TargetAttributes = {
					949CB8191CECECBC004B8FF7 = {
						CreatedOnToolsVersion = 7.3.1;
						DevelopmentTeam = 96DT527T6N;
					};
				};
			};
			buildConfigurationList = 949CB8151CECECBC004B8FF7 /* Build configuration list for PBXProject "RomNum" */;
			compatibilityVersion = "Xcode 3.2";
			developmentRegion = English;
			hasScannedForEncodings = 0;
			knownRegions = (
				en,
				Base,
			);
			mainGroup = 949CB8111CECECBC004B8FF7;
			productRefGroup = 949CB81B1CECECBC004B8FF7 /* Products */;
			projectDirPath = "";
			projectRoot = "";
			targets = (
				949CB8191CECECBC004B8FF7 /* RomNum */,
			);
		};
/* End PBXProject section */

/* Begin PBXResourcesBuildPhase section */
		949CB8181CECECBC004B8FF7 /* Resources */ = {
			isa = PBXResourcesBuildPhase;
			buildActionMask = 2147483647;
			files = (
				945DAF4F1CF5D89900A98A67 /* SourceSansPro-ExtraLight.ttf in Resources */,
				945DAF4E1CF5D89900A98A67 /* SourceSansPro-BoldItalic.ttf in Resources */,
				945DAF521CF5D89900A98A67 /* SourceSansPro-Light.ttf in Resources */,
				945DAF4B1CF5D89900A98A67 /* SourceSansPro-Black.ttf in Resources */,
				949CB8281CECECBC004B8FF7 /* LaunchScreen.storyboard in Resources */,
				945DAF511CF5D89900A98A67 /* SourceSansPro-Italic.ttf in Resources */,
				945DAF561CF5D89900A98A67 /* SourceSansPro-SemiboldItalic.ttf in Resources */,
				945DAF4C1CF5D89900A98A67 /* SourceSansPro-BlackItalic.ttf in Resources */,
				949CB8251CECECBC004B8FF7 /* Assets.xcassets in Resources */,
				945DAF541CF5D89900A98A67 /* SourceSansPro-Regular.ttf in Resources */,
				945DAF551CF5D89900A98A67 /* SourceSansPro-Semibold.ttf in Resources */,
				949CB8231CECECBC004B8FF7 /* Main.storyboard in Resources */,
				945DAF4D1CF5D89900A98A67 /* SourceSansPro-Bold.ttf in Resources */,
				945DAF501CF5D89900A98A67 /* SourceSansPro-ExtraLightItalic.ttf in Resources */,
				945DAF531CF5D89900A98A67 /* SourceSansPro-LightItalic.ttf in Resources */,
			);
			runOnlyForDeploymentPostprocessing = 0;
		};
/* End PBXResourcesBuildPhase section */

/* Begin PBXSourcesBuildPhase section */
		949CB8161CECECBC004B8FF7 /* Sources */ = {
			isa = PBXSourcesBuildPhase;
			buildActionMask = 2147483647;
			files = (
				94F3E7171CF4923E0014B2FA /* InfoVC.swift in Sources */,
				94F3E7151CF35CCD0014B2FA /* FadeView.swift in Sources */,
				949CB8201CECECBC004B8FF7 /* ViewController.swift in Sources */,
				949CB81E1CECECBC004B8FF7 /* AppDelegate.swift in Sources */,
			);
			runOnlyForDeploymentPostprocessing = 0;
		};
/* End PBXSourcesBuildPhase section */

/* Begin PBXVariantGroup section */
		949CB8211CECECBC004B8FF7 /* Main.storyboard */ = {
			isa = PBXVariantGroup;
			children = (
				949CB8221CECECBC004B8FF7 /* Base */,
			);
			name = Main.storyboard;
			sourceTree = "<group>";
		};
		949CB8261CECECBC004B8FF7 /* LaunchScreen.storyboard */ = {
			isa = PBXVariantGroup;
			children = (
				949CB8271CECECBC004B8FF7 /* Base */,
			);
			name = LaunchScreen.storyboard;
			sourceTree = "<group>";
		};
/* End PBXVariantGroup section */

/* Begin XCBuildConfiguration section */
		949CB82A1CECECBC004B8FF7 /* Debug */ = {
			isa = XCBuildConfiguration;
			buildSettings = {
				ALWAYS_SEARCH_USER_PATHS = NO;
				CLANG_ANALYZER_NONNULL = YES;
				CLANG_CXX_LANGUAGE_STANDARD = "gnu++0x";
				CLANG_CXX_LIBRARY = "libc++";
				CLANG_ENABLE_MODULES = YES;
				CLANG_ENABLE_OBJC_ARC = YES;
				CLANG_WARN_BOOL_CONVERSION = YES;
				CLANG_WARN_CONSTANT_CONVERSION = YES;
				CLANG_WARN_DIRECT_OBJC_ISA_USAGE = YES_ERROR;
				CLANG_WARN_EMPTY_BODY = YES;
				CLANG_WARN_ENUM_CONVERSION = YES;
				CLANG_WARN_INT_CONVERSION = YES;
				CLANG_WARN_OBJC_ROOT_CLASS = YES_ERROR;
				CLANG_WARN_UNREACHABLE_CODE = YES;
				CLANG_WARN__DUPLICATE_METHOD_MATCH = YES;
				"CODE_SIGN_IDENTITY[sdk=iphoneos*]" = "iPhone Developer";
				COPY_PHASE_STRIP = NO;
				DEBUG_INFORMATION_FORMAT = dwarf;
				ENABLE_STRICT_OBJC_MSGSEND = YES;
				ENABLE_TESTABILITY = YES;
				GCC_C_LANGUAGE_STANDARD = gnu99;
				GCC_DYNAMIC_NO_PIC = NO;
				GCC_NO_COMMON_BLOCKS = YES;
				GCC_OPTIMIZATION_LEVEL = 0;
				GCC_PREPROCESSOR_DEFINITIONS = (
					"DEBUG=1",
					"$(inherited)",
				);
				GCC_WARN_64_TO_32_BIT_CONVERSION = YES;
				GCC_WARN_ABOUT_RETURN_TYPE = YES_ERROR;
				GCC_WARN_UNDECLARED_SELECTOR = YES;
				GCC_WARN_UNINITIALIZED_AUTOS = YES_AGGRESSIVE;
				GCC_WARN_UNUSED_FUNCTION = YES;
				GCC_WARN_UNUSED_VARIABLE = YES;
				IPHONEOS_DEPLOYMENT_TARGET = 9.3;
				MTL_ENABLE_DEBUG_INFO = YES;
				ONLY_ACTIVE_ARCH = YES;
				SDKROOT = iphoneos;
				SWIFT_OPTIMIZATION_LEVEL = "-Onone";
			};
			name = Debug;
		};
		949CB82B1CECECBC004B8FF7 /* Release */ = {
			isa = XCBuildConfiguration;
			buildSettings = {
				ALWAYS_SEARCH_USER_PATHS = NO;
				CLANG_ANALYZER_NONNULL = YES;
				CLANG_CXX_LANGUAGE_STANDARD = "gnu++0x";
				CLANG_CXX_LIBRARY = "libc++";
				CLANG_ENABLE_MODULES = YES;
				CLANG_ENABLE_OBJC_ARC = YES;
				CLANG_WARN_BOOL_CONVERSION = YES;
				CLANG_WARN_CONSTANT_CONVERSION = YES;
				CLANG_WARN_DIRECT_OBJC_ISA_USAGE = YES_ERROR;
				CLANG_WARN_EMPTY_BODY = YES;
				CLANG_WARN_ENUM_CONVERSION = YES;
				CLANG_WARN_INT_CONVERSION = YES;
				CLANG_WARN_OBJC_ROOT_CLASS = YES_ERROR;
				CLANG_WARN_UNREACHABLE_CODE = YES;
				CLANG_WARN__DUPLICATE_METHOD_MATCH = YES;
				"CODE_SIGN_IDENTITY[sdk=iphoneos*]" = "iPhone Developer";
				COPY_PHASE_STRIP = NO;
				DEBUG_INFORMATION_FORMAT = "dwarf-with-dsym";
				ENABLE_NS_ASSERTIONS = NO;
				ENABLE_STRICT_OBJC_MSGSEND = YES;
				GCC_C_LANGUAGE_STANDARD = gnu99;
				GCC_NO_COMMON_BLOCKS = YES;
				GCC_WARN_64_TO_32_BIT_CONVERSION = YES;
				GCC_WARN_ABOUT_RETURN_TYPE = YES_ERROR;
				GCC_WARN_UNDECLARED_SELECTOR = YES;
				GCC_WARN_UNINITIALIZED_AUTOS = YES_AGGRESSIVE;
				GCC_WARN_UNUSED_FUNCTION = YES;
				GCC_WARN_UNUSED_VARIABLE = YES;
				IPHONEOS_DEPLOYMENT_TARGET = 9.3;
				MTL_ENABLE_DEBUG_INFO = NO;
				SDKROOT = iphoneos;
				VALIDATE_PRODUCT = YES;
			};
			name = Release;
		};
		949CB82D1CECECBC004B8FF7 /* Debug */ = {
			isa = XCBuildConfiguration;
			buildSettings = {
				ASSETCATALOG_COMPILER_APPICON_NAME = AppIcon;
				CODE_SIGN_IDENTITY = "iPhone Developer";
				INFOPLIST_FILE = RomNum/Info.plist;
				IPHONEOS_DEPLOYMENT_TARGET = 9.0;
				LD_RUNPATH_SEARCH_PATHS = "$(inherited) @executable_path/Frameworks";
				PRODUCT_BUNDLE_IDENTIFIER = com.eledroos.RomNum;
				PRODUCT_NAME = "$(TARGET_NAME)";
			};
			name = Debug;
		};
		949CB82E1CECECBC004B8FF7 /* Release */ = {
			isa = XCBuildConfiguration;
			buildSettings = {
				ASSETCATALOG_COMPILER_APPICON_NAME = AppIcon;
				CODE_SIGN_IDENTITY = "iPhone Developer";
				INFOPLIST_FILE = RomNum/Info.plist;
				IPHONEOS_DEPLOYMENT_TARGET = 9.0;
				LD_RUNPATH_SEARCH_PATHS = "$(inherited) @executable_path/Frameworks";
				PRODUCT_BUNDLE_IDENTIFIER = com.eledroos.RomNum;
				PRODUCT_NAME = "$(TARGET_NAME)";
			};
			name = Release;
		};
/* End XCBuildConfiguration section */

/* Begin XCConfigurationList section */
		949CB8151CECECBC004B8FF7 /* Build configuration list for PBXProject "RomNum" */ = {
			isa = XCConfigurationList;
			buildConfigurations = (
				949CB82A1CECECBC004B8FF7 /* Debug */,
				949CB82B1CECECBC004B8FF7 /* Release */,
			);
			defaultConfigurationIsVisible = 0;
			defaultConfigurationName = Release;
		};
		949CB82C1CECECBC004B8FF7 /* Build configuration list for PBXNativeTarget "RomNum" */ = {
			isa = XCConfigurationList;
			buildConfigurations = (
				949CB82D1CECECBC004B8FF7 /* Debug */,
				949CB82E1CECECBC004B8FF7 /* Release */,
			);
			defaultConfigurationIsVisible = 0;
			defaultConfigurationName = Release;
		};
/* End XCConfigurationList section */
	};
	rootObject = 949CB8121CECECBC004B8FF7 /* Project object */;
}
